
Microsoft Visual Studio Solution File, Format Version 12.00
# Visual Studio 15
VisualStudioVersion = 15.0.28307.421
MinimumVisualStudioVersion = 10.0.40219.1
Project("{FAE04EC0-301F-11D3-BF4B-00C04F79EFBC}") = "EmailSink", "EmailSink\EmailSink.csproj", "{AB5714AD-84B2-404F-94BC-13C4B936BB46}"
EndProject
Global
	GlobalSection(SolutionConfigurationPlatforms) = preSolution
		Debug|Any CPU = Debug|Any CPU
		Release|Any CPU = Release|Any CPU
	EndGlobalSection
	GlobalSection(ProjectConfigurationPlatforms) = postSolution
		{AB5714AD-84B2-404F-94BC-13C4B936BB46}.Debug|Any CPU.ActiveCfg = Debug|Any CPU
		{AB5714AD-84B2-404F-94BC-13C4B936BB46}.Debug|Any CPU.Build.0 = Debug|Any CPU
		{AB5714AD-84B2-404F-94BC-13C4B936BB46}.Release|Any CPU.ActiveCfg = Release|Any CPU
		{AB5714AD-84B2-404F-94BC-13C4B936BB46}.Release|Any CPU.Build.0 = Release|Any CPU
	EndGlobalSection
	GlobalSection(SolutionProperties) = preSolution
		HideSolutionNode = FALSE
	EndGlobalSection
	GlobalSection(ExtensibilityGlobals) = postSolution
		SolutionGuid = {C2EC77A4-BAE5-491F-BEC5-5130E91C68EC}
	EndGlobalSection
EndGlobal
